
Microsoft Visual Studio Solution File, Format Version 12.00
Project("{FAE04EC0-301F-11D3-BF4B-00C04F79EFBC}") = "laba4", "laba4\laba4.csproj", "{C3A66256-2E66-42C6-B9BD-599D4FAEFF27}"
EndProject
Global
	GlobalSection(SolutionConfigurationPlatforms) = preSolution
		Debug|Any CPU = Debug|Any CPU
		Release|Any CPU = Release|Any CPU
	EndGlobalSection
	GlobalSection(ProjectConfigurationPlatforms) = postSolution
		{C3A66256-2E66-42C6-B9BD-599D4FAEFF27}.Debug|Any CPU.ActiveCfg = Debug|Any CPU
		{C3A66256-2E66-42C6-B9BD-599D4FAEFF27}.Debug|Any CPU.Build.0 = Debug|Any CPU
		{C3A66256-2E66-42C6-B9BD-599D4FAEFF27}.Release|Any CPU.ActiveCfg = Release|Any CPU
		{C3A66256-2E66-42C6-B9BD-599D4FAEFF27}.Release|Any CPU.Build.0 = Release|Any CPU
	EndGlobalSection
EndGlobal
